// !$*UTF8*$!
{
	archiveVersion = 1;
	classes = {
	};
	objectVersion = 56;
	objects = {

/* Begin PBXBuildFile section */
		FA50326029153D5500B1AAD4 /* GoogleService-Info.plist in Resources */ = {isa = PBXBuildFile; fileRef = FA50325F29153D5500B1AAD4 /* GoogleService-Info.plist */; };
		FACE74802904BE94001C5516 /* AppDelegate.swift in Sources */ = {isa = PBXBuildFile; fileRef = FACE747F2904BE94001C5516 /* AppDelegate.swift */; };
		FACE74822904BE94001C5516 /* SceneDelegate.swift in Sources */ = {isa = PBXBuildFile; fileRef = FACE74812904BE94001C5516 /* SceneDelegate.swift */; };
		FACE74872904BE94001C5516 /* Main.storyboard in Resources */ = {isa = PBXBuildFile; fileRef = FACE74852904BE94001C5516 /* Main.storyboard */; };
		FACE74892904BE96001C5516 /* Assets.xcassets in Resources */ = {isa = PBXBuildFile; fileRef = FACE74882904BE96001C5516 /* Assets.xcassets */; };
		FACE748C2904BE96001C5516 /* LaunchScreen.storyboard in Resources */ = {isa = PBXBuildFile; fileRef = FACE748A2904BE96001C5516 /* LaunchScreen.storyboard */; };
		FACE74942904C77E001C5516 /* ContactsTableViewController.swift in Sources */ = {isa = PBXBuildFile; fileRef = FACE74932904C77E001C5516 /* ContactsTableViewController.swift */; };
		FACE749A2904D03C001C5516 /* FirebaseFirestore in Frameworks */ = {isa = PBXBuildFile; productRef = FACE74992904D03C001C5516 /* FirebaseFirestore */; };
		FACE749C2904D03C001C5516 /* FirebaseFirestoreSwift in Frameworks */ = {isa = PBXBuildFile; productRef = FACE749B2904D03C001C5516 /* FirebaseFirestoreSwift */; };
		FACE749E2904D201001C5516 /* Contact.swift in Sources */ = {isa = PBXBuildFile; fileRef = FACE749D2904D201001C5516 /* Contact.swift */; };
		FACE74A02904D253001C5516 /* FirestoreRepository.swift in Sources */ = {isa = PBXBuildFile; fileRef = FACE749F2904D253001C5516 /* FirestoreRepository.swift */; };
/* End PBXBuildFile section */

/* Begin PBXFileReference section */
		FA50325F29153D5500B1AAD4 /* GoogleService-Info.plist */ = {isa = PBXFileReference; fileEncoding = 4; lastKnownFileType = text.plist.xml; path = "GoogleService-Info.plist"; sourceTree = "<group>"; };
		FACE747C2904BE94001C5516 /* ContactsFirebase1.app */ = {isa = PBXFileReference; explicitFileType = wrapper.application; includeInIndex = 0; path = ContactsFirebase1.app; sourceTree = BUILT_PRODUCTS_DIR; };
		FACE747F2904BE94001C5516 /* AppDelegate.swift */ = {isa = PBXFileReference; lastKnownFileType = sourcecode.swift; path = AppDelegate.swift; sourceTree = "<group>"; };
		FACE74812904BE94001C5516 /* SceneDelegate.swift */ = {isa = PBXFileReference; lastKnownFileType = sourcecode.swift; path = SceneDelegate.swift; sourceTree = "<group>"; };
		FACE74862904BE94001C5516 /* Base */ = {isa = PBXFileReference; lastKnownFileType = file.storyboard; name = Base; path = Base.lproj/Main.storyboard; sourceTree = "<group>"; };
		FACE74882904BE96001C5516 /* Assets.xcassets */ = {isa = PBXFileReference; lastKnownFileType = folder.assetcatalog; path = Assets.xcassets; sourceTree = "<group>"; };
		FACE748B2904BE96001C5516 /* Base */ = {isa = PBXFileReference; lastKnownFileType = file.storyboard; name = Base; path = Base.lproj/LaunchScreen.storyboard; sourceTree = "<group>"; };
		FACE748D2904BE96001C5516 /* Info.plist */ = {isa = PBXFileReference; lastKnownFileType = text.plist.xml; path = Info.plist; sourceTree = "<group>"; };
		FACE74932904C77E001C5516 /* ContactsTableViewController.swift */ = {isa = PBXFileReference; lastKnownFileType = sourcecode.swift; path = ContactsTableViewController.swift; sourceTree = "<group>"; };
		FACE749D2904D201001C5516 /* Contact.swift */ = {isa = PBXFileReference; lastKnownFileType = sourcecode.swift; path = Contact.swift; sourceTree = "<group>"; };
		FACE749F2904D253001C5516 /* FirestoreRepository.swift */ = {isa = PBXFileReference; lastKnownFileType = sourcecode.swift; path = FirestoreRepository.swift; sourceTree = "<group>"; };
/* End PBXFileReference section */

/* Begin PBXFrameworksBuildPhase section */
		FACE74792904BE94001C5516 /* Frameworks */ = {
			isa = PBXFrameworksBuildPhase;
			buildActionMask = 2147483647;
			files = (
				FACE749A2904D03C001C5516 /* FirebaseFirestore in Frameworks */,
				FACE749C2904D03C001C5516 /* FirebaseFirestoreSwift in Frameworks */,
			);
			runOnlyForDeploymentPostprocessing = 0;
		};
/* End PBXFrameworksBuildPhase section */

/* Begin PBXGroup section */
		FACE74732904BE94001C5516 = {
			isa = PBXGroup;
			children = (
				FACE747E2904BE94001C5516 /* ContactsFirebase1 */,
				FACE747D2904BE94001C5516 /* Products */,
			);
			sourceTree = "<group>";
		};
		FACE747D2904BE94001C5516 /* Products */ = {
			isa = PBXGroup;
			children = (
				FACE747C2904BE94001C5516 /* ContactsFirebase1.app */,
			);
			name = Products;
			sourceTree = "<group>";
		};
		FACE747E2904BE94001C5516 /* ContactsFirebase1 */ = {
			isa = PBXGroup;
			children = (
				FA50325F29153D5500B1AAD4 /* GoogleService-Info.plist */,
				FACE747F2904BE94001C5516 /* AppDelegate.swift */,
				FACE74812904BE94001C5516 /* SceneDelegate.swift */,
				FACE74852904BE94001C5516 /* Main.storyboard */,
				FACE74932904C77E001C5516 /* ContactsTableViewController.swift */,
				FACE749D2904D201001C5516 /* Contact.swift */,
				FACE749F2904D253001C5516 /* FirestoreRepository.swift */,
				FACE74882904BE96001C5516 /* Assets.xcassets */,
				FACE748A2904BE96001C5516 /* LaunchScreen.storyboard */,
				FACE748D2904BE96001C5516 /* Info.plist */,
			);
			path = ContactsFirebase1;
			sourceTree = "<group>";
		};
/* End PBXGroup section */

/* Begin PBXNativeTarget section */
		FACE747B2904BE94001C5516 /* ContactsFirebase1 */ = {
			isa = PBXNativeTarget;
			buildConfigurationList = FACE74902904BE96001C5516 /* Build configuration list for PBXNativeTarget "ContactsFirebase1" */;
			buildPhases = (
				FACE74782904BE94001C5516 /* Sources */,
				FACE74792904BE94001C5516 /* Frameworks */,
				FACE747A2904BE94001C5516 /* Resources */,
			);
			buildRules = (
			);
			dependencies = (
			);
			name = ContactsFirebase1;
			packageProductDependencies = (
				FACE74992904D03C001C5516 /* FirebaseFirestore */,
				FACE749B2904D03C001C5516 /* FirebaseFirestoreSwift */,
			);
			productName = ContactsFirebase1;
			productReference = FACE747C2904BE94001C5516 /* ContactsFirebase1.app */;
			productType = "com.apple.product-type.application";
		};
/* End PBXNativeTarget section */

/* Begin PBXProject section */
		FACE74742904BE94001C5516 /* Project object */ = {
			isa = PBXProject;
			attributes = {
				BuildIndependentTargetsInParallel = 1;
				LastSwiftUpdateCheck = 1400;
				LastUpgradeCheck = 1400;
				TargetAttributes = {
					FACE747B2904BE94001C5516 = {
						CreatedOnToolsVersion = 14.0.1;
					};
				};
			};
			buildConfigurationList = FACE74772904BE94001C5516 /* Build configuration list for PBXProject "ContactsFirebase1" */;
			compatibilityVersion = "Xcode 14.0";
			developmentRegion = en;
			hasScannedForEncodings = 0;
			knownRegions = (
				en,
				Base,
			);
			mainGroup = FACE74732904BE94001C5516;
			packageReferences = (
				FACE74982904D03C001C5516 /* XCRemoteSwiftPackageReference "firebase-ios-sdk" */,
			);
			productRefGroup = FACE747D2904BE94001C5516 /* Products */;
			projectDirPath = "";
			projectRoot = "";
			targets = (
				FACE747B2904BE94001C5516 /* ContactsFirebase1 */,
			);
		};
/* End PBXProject section */

/* Begin PBXResourcesBuildPhase section */
		FACE747A2904BE94001C5516 /* Resources */ = {
			isa = PBXResourcesBuildPhase;
			buildActionMask = 2147483647;
			files = (
				FACE748C2904BE96001C5516 /* LaunchScreen.storyboard in Resources */,
				FA50326029153D5500B1AAD4 /* GoogleService-Info.plist in Resources */,
				FACE74892904BE96001C5516 /* Assets.xcassets in Resources */,
				FACE74872904BE94001C5516 /* Main.storyboard in Resources */,
			);
			runOnlyForDeploymentPostprocessing = 0;
		};
/* End PBXResourcesBuildPhase section */

/* Begin PBXSourcesBuildPhase section */
		FACE74782904BE94001C5516 /* Sources */ = {
			isa = PBXSourcesBuildPhase;
			buildActionMask = 2147483647;
			files = (
				FACE749E2904D201001C5516 /* Contact.swift in Sources */,
				FACE74A02904D253001C5516 /* FirestoreRepository.swift in Sources */,
				FACE74802904BE94001C5516 /* AppDelegate.swift in Sources */,
				FACE74822904BE94001C5516 /* SceneDelegate.swift in Sources */,
				FACE74942904C77E001C5516 /* ContactsTableViewController.swift in Sources */,
			);
			runOnlyForDeploymentPostprocessing = 0;
		};
/* End PBXSourcesBuildPhase section */

/* Begin PBXVariantGroup section */
		FACE74852904BE94001C5516 /* Main.storyboard */ = {
			isa = PBXVariantGroup;
			children = (
				FACE74862904BE94001C5516 /* Base */,
			);
			name = Main.storyboard;
			sourceTree = "<group>";
		};
		FACE748A2904BE96001C5516 /* LaunchScreen.storyboard */ = {
			isa = PBXVariantGroup;
			children = (
				FACE748B2904BE96001C5516 /* Base */,
			);
			name = LaunchScreen.storyboard;
			sourceTree = "<group>";
		};
/* End PBXVariantGroup section */

/* Begin XCBuildConfiguration section */
		FACE748E2904BE96001C5516 /* Debug */ = {
			isa = XCBuildConfiguration;
			buildSettings = {
				ALWAYS_SEARCH_USER_PATHS = NO;
				CLANG_ANALYZER_NONNULL = YES;
				CLANG_ANALYZER_NUMBER_OBJECT_CONVERSION = YES_AGGRESSIVE;
				CLANG_CXX_LANGUAGE_STANDARD = "gnu++20";
				CLANG_ENABLE_MODULES = YES;
				CLANG_ENABLE_OBJC_ARC = YES;
				CLANG_ENABLE_OBJC_WEAK = YES;
				CLANG_WARN_BLOCK_CAPTURE_AUTORELEASING = YES;
				CLANG_WARN_BOOL_CONVERSION = YES;
				CLANG_WARN_COMMA = YES;
				CLANG_WARN_CONSTANT_CONVERSION = YES;
				CLANG_WARN_DEPRECATED_OBJC_IMPLEMENTATIONS = YES;
				CLANG_WARN_DIRECT_OBJC_ISA_USAGE = YES_ERROR;
				CLANG_WARN_DOCUMENTATION_COMMENTS = YES;
				CLANG_WARN_EMPTY_BODY = YES;
				CLANG_WARN_ENUM_CONVERSION = YES;
				CLANG_WARN_INFINITE_RECURSION = YES;
				CLANG_WARN_INT_CONVERSION = YES;
				CLANG_WARN_NON_LITERAL_NULL_CONVERSION = YES;
				CLANG_WARN_OBJC_IMPLICIT_RETAIN_SELF = YES;
				CLANG_WARN_OBJC_LITERAL_CONVERSION = YES;
				CLANG_WARN_OBJC_ROOT_CLASS = YES_ERROR;
				CLANG_WARN_QUOTED_INCLUDE_IN_FRAMEWORK_HEADER = YES;
				CLANG_WARN_RANGE_LOOP_ANALYSIS = YES;
				CLANG_WARN_STRICT_PROTOTYPES = YES;
				CLANG_WARN_SUSPICIOUS_MOVE = YES;
				CLANG_WARN_UNGUARDED_AVAILABILITY = YES_AGGRESSIVE;
				CLANG_WARN_UNREACHABLE_CODE = YES;
				CLANG_WARN__DUPLICATE_METHOD_MATCH = YES;
				COPY_PHASE_STRIP = NO;
				DEBUG_INFORMATION_FORMAT = dwarf;
				ENABLE_STRICT_OBJC_MSGSEND = YES;
				ENABLE_TESTABILITY = YES;
				GCC_C_LANGUAGE_STANDARD = gnu11;
				GCC_DYNAMIC_NO_PIC = NO;
				GCC_NO_COMMON_BLOCKS = YES;
				GCC_OPTIMIZATION_LEVEL = 0;
				GCC_PREPROCESSOR_DEFINITIONS = (
					"DEBUG=1",
					"$(inherited)",
				);
				GCC_WARN_64_TO_32_BIT_CONVERSION = YES;
				GCC_WARN_ABOUT_RETURN_TYPE = YES_ERROR;
				GCC_WARN_UNDECLARED_SELECTOR = YES;
				GCC_WARN_UNINITIALIZED_AUTOS = YES_AGGRESSIVE;
				GCC_WARN_UNUSED_FUNCTION = YES;
				GCC_WARN_UNUSED_VARIABLE = YES;
				IPHONEOS_DEPLOYMENT_TARGET = 16.0;
				MTL_ENABLE_DEBUG_INFO = INCLUDE_SOURCE;
				MTL_FAST_MATH = YES;
				ONLY_ACTIVE_ARCH = YES;
				SDKROOT = iphoneos;
				SWIFT_ACTIVE_COMPILATION_CONDITIONS = DEBUG;
				SWIFT_OPTIMIZATION_LEVEL = "-Onone";
			};
			name = Debug;
		};
		FACE748F2904BE96001C5516 /* Release */ = {
			isa = XCBuildConfiguration;
			buildSettings = {
				ALWAYS_SEARCH_USER_PATHS = NO;
				CLANG_ANALYZER_NONNULL = YES;
				CLANG_ANALYZER_NUMBER_OBJECT_CONVERSION = YES_AGGRESSIVE;
				CLANG_CXX_LANGUAGE_STANDARD = "gnu++20";
				CLANG_ENABLE_MODULES = YES;
				CLANG_ENABLE_OBJC_ARC = YES;
				CLANG_ENABLE_OBJC_WEAK = YES;
				CLANG_WARN_BLOCK_CAPTURE_AUTORELEASING = YES;
				CLANG_WARN_BOOL_CONVERSION = YES;
				CLANG_WARN_COMMA = YES;
				CLANG_WARN_CONSTANT_CONVERSION = YES;
				CLANG_WARN_DEPRECATED_OBJC_IMPLEMENTATIONS = YES;
				CLANG_WARN_DIRECT_OBJC_ISA_USAGE = YES_ERROR;
				CLANG_WARN_DOCUMENTATION_COMMENTS = YES;
				CLANG_WARN_EMPTY_BODY = YES;
				CLANG_WARN_ENUM_CONVERSION = YES;
				CLANG_WARN_INFINITE_RECURSION = YES;
				CLANG_WARN_INT_CONVERSION = YES;
				CLANG_WARN_NON_LITERAL_NULL_CONVERSION = YES;
				CLANG_WARN_OBJC_IMPLICIT_RETAIN_SELF = YES;
				CLANG_WARN_OBJC_LITERAL_CONVERSION = YES;
				CLANG_WARN_OBJC_ROOT_CLASS = YES_ERROR;
				CLANG_WARN_QUOTED_INCLUDE_IN_FRAMEWORK_HEADER = YES;
				CLANG_WARN_RANGE_LOOP_ANALYSIS = YES;
				CLANG_WARN_STRICT_PROTOTYPES = YES;
				CLANG_WARN_SUSPICIOUS_MOVE = YES;
				CLANG_WARN_UNGUARDED_AVAILABILITY = YES_AGGRESSIVE;
				CLANG_WARN_UNREACHABLE_CODE = YES;
				CLANG_WARN__DUPLICATE_METHOD_MATCH = YES;
				COPY_PHASE_STRIP = NO;
				DEBUG_INFORMATION_FORMAT = "dwarf-with-dsym";
				ENABLE_NS_ASSERTIONS = NO;
				ENABLE_STRICT_OBJC_MSGSEND = YES;
				GCC_C_LANGUAGE_STANDARD = gnu11;
				GCC_NO_COMMON_BLOCKS = YES;
				GCC_WARN_64_TO_32_BIT_CONVERSION = YES;
				GCC_WARN_ABOUT_RETURN_TYPE = YES_ERROR;
				GCC_WARN_UNDECLARED_SELECTOR = YES;
				GCC_WARN_UNINITIALIZED_AUTOS = YES_AGGRESSIVE;
				GCC_WARN_UNUSED_FUNCTION = YES;
				GCC_WARN_UNUSED_VARIABLE = YES;
				IPHONEOS_DEPLOYMENT_TARGET = 16.0;
				MTL_ENABLE_DEBUG_INFO = NO;
				MTL_FAST_MATH = YES;
				SDKROOT = iphoneos;
				SWIFT_COMPILATION_MODE = wholemodule;
				SWIFT_OPTIMIZATION_LEVEL = "-O";
				VALIDATE_PRODUCT = YES;
			};
			name = Release;
		};
		FACE74912904BE96001C5516 /* Debug */ = {
			isa = XCBuildConfiguration;
			buildSettings = {
				ASSETCATALOG_COMPILER_APPICON_NAME = AppIcon;
				ASSETCATALOG_COMPILER_GLOBAL_ACCENT_COLOR_NAME = AccentColor;
				CODE_SIGN_STYLE = Automatic;
				CURRENT_PROJECT_VERSION = 1;
				GENERATE_INFOPLIST_FILE = YES;
				INFOPLIST_FILE = ContactsFirebase1/Info.plist;
				INFOPLIST_KEY_UIApplicationSupportsIndirectInputEvents = YES;
				INFOPLIST_KEY_UILaunchStoryboardName = LaunchScreen;
				INFOPLIST_KEY_UIMainStoryboardFile = Main;
				INFOPLIST_KEY_UISupportedInterfaceOrientations_iPad = "UIInterfaceOrientationPortrait UIInterfaceOrientationPortraitUpsideDown UIInterfaceOrientationLandscapeLeft UIInterfaceOrientationLandscapeRight";
				INFOPLIST_KEY_UISupportedInterfaceOrientations_iPhone = "UIInterfaceOrientationPortrait UIInterfaceOrientationLandscapeLeft UIInterfaceOrientationLandscapeRight";
				LD_RUNPATH_SEARCH_PATHS = (
					"$(inherited)",
					"@executable_path/Frameworks",
				);
				MARKETING_VERSION = 1.0;
				PRODUCT_BUNDLE_IDENTIFIER = com.blueradix.tutorial.ContactsFirebase1;
				PRODUCT_NAME = "$(TARGET_NAME)";
				SWIFT_EMIT_LOC_STRINGS = YES;
				SWIFT_VERSION = 5.0;
				TARGETED_DEVICE_FAMILY = "1,2";
			};
			name = Debug;
		};
		FACE74922904BE96001C5516 /* Release */ = {
			isa = XCBuildConfiguration;
			buildSettings = {
				ASSETCATALOG_COMPILER_APPICON_NAME = AppIcon;
				ASSETCATALOG_COMPILER_GLOBAL_ACCENT_COLOR_NAME = AccentColor;
				CODE_SIGN_STYLE = Automatic;
				CURRENT_PROJECT_VERSION = 1;
				GENERATE_INFOPLIST_FILE = YES;
				INFOPLIST_FILE = ContactsFirebase1/Info.plist;
				INFOPLIST_KEY_UIApplicationSupportsIndirectInputEvents = YES;
				INFOPLIST_KEY_UILaunchStoryboardName = LaunchScreen;
				INFOPLIST_KEY_UIMainStoryboardFile = Main;
				INFOPLIST_KEY_UISupportedInterfaceOrientations_iPad = "UIInterfaceOrientationPortrait UIInterfaceOrientationPortraitUpsideDown UIInterfaceOrientationLandscapeLeft UIInterfaceOrientationLandscapeRight";
				INFOPLIST_KEY_UISupportedInterfaceOrientations_iPhone = "UIInterfaceOrientationPortrait UIInterfaceOrientationLandscapeLeft UIInterfaceOrientationLandscapeRight";
				LD_RUNPATH_SEARCH_PATHS = (
					"$(inherited)",
					"@executable_path/Frameworks",
				);
				MARKETING_VERSION = 1.0;
				PRODUCT_BUNDLE_IDENTIFIER = com.blueradix.tutorial.ContactsFirebase1;
				PRODUCT_NAME = "$(TARGET_NAME)";
				SWIFT_EMIT_LOC_STRINGS = YES;
				SWIFT_VERSION = 5.0;
				TARGETED_DEVICE_FAMILY = "1,2";
			};
			name = Release;
		};
/* End XCBuildConfiguration section */

/* Begin XCConfigurationList section */
		FACE74772904BE94001C5516 /* Build configuration list for PBXProject "ContactsFirebase1" */ = {
			isa = XCConfigurationList;
			buildConfigurations = (
				FACE748E2904BE96001C5516 /* Debug */,
				FACE748F2904BE96001C5516 /* Release */,
			);
			defaultConfigurationIsVisible = 0;
			defaultConfigurationName = Release;
		};
		FACE74902904BE96001C5516 /* Build configuration list for PBXNativeTarget "ContactsFirebase1" */ = {
			isa = XCConfigurationList;
			buildConfigurations = (
				FACE74912904BE96001C5516 /* Debug */,
				FACE74922904BE96001C5516 /* Release */,
			);
			defaultConfigurationIsVisible = 0;
			defaultConfigurationName = Release;
		};
/* End XCConfigurationList section */

/* Begin XCRemoteSwiftPackageReference section */
		FACE74982904D03C001C5516 /* XCRemoteSwiftPackageReference "firebase-ios-sdk" */ = {
			isa = XCRemoteSwiftPackageReference;
			repositoryURL = "https://github.com/firebase/firebase-ios-sdk";
			requirement = {
				kind = upToNextMajorVersion;
				minimumVersion = 9.0.0;
			};
		};
/* End XCRemoteSwiftPackageReference section */

/* Begin XCSwiftPackageProductDependency section */
		FACE74992904D03C001C5516 /* FirebaseFirestore */ = {
			isa = XCSwiftPackageProductDependency;
			package = FACE74982904D03C001C5516 /* XCRemoteSwiftPackageReference "firebase-ios-sdk" */;
			productName = FirebaseFirestore;
		};
		FACE749B2904D03C001C5516 /* FirebaseFirestoreSwift */ = {
			isa = XCSwiftPackageProductDependency;
			package = FACE74982904D03C001C5516 /* XCRemoteSwiftPackageReference "firebase-ios-sdk" */;
			productName = FirebaseFirestoreSwift;
		};
/* End XCSwiftPackageProductDependency section */
	};
	rootObject = FACE74742904BE94001C5516 /* Project object */;
}
